
Microsoft Visual Studio Solution File, Format Version 12.00
# Visual Studio 15
Project("{FAE04EC0-301F-11D3-BF4B-00C04F79EFBC}") = "YourName", "YourName\YourName.csproj", "{8553C336-B342-423F-BC63-EE2DE15088B9}"
EndProject
Project("{FAE04EC0-301F-11D3-BF4B-00C04F79EFBC}") = "CourseGPA", "CourseGPA\CourseGPA.csproj", "{B83AC96C-28CF-46D5-B989-B853D205CF3B}"
EndProject
Project("{FAE04EC0-301F-11D3-BF4B-00C04F79EFBC}") = "CourseGPAArray", "CourseGPAArray\CourseGPAArray.csproj", "{8B616BAE-EEE7-41A0-91D1-46ACA2761B36}"
EndProject
Project("{FAE04EC0-301F-11D3-BF4B-00C04F79EFBC}") = "CourseGPAFile", "CourseGPAFile\CourseGPAFile.csproj", "{40C56DB4-CAD2-42EB-A519-561DCDE365E4}"
EndProject
Project("{FAE04EC0-301F-11D3-BF4B-00C04F79EFBC}") = "SleepData", "SleepData\SleepData.csproj", "{62015B44-7225-47D1-8C36-F6C8DD4C9BBB}"
EndProject
Global
	GlobalSection(SolutionConfigurationPlatforms) = preSolution
		Debug|x86 = Debug|x86
		Release|x86 = Release|x86
	EndGlobalSection
	GlobalSection(ProjectConfigurationPlatforms) = postSolution
		{8553C336-B342-423F-BC63-EE2DE15088B9}.Debug|x86.ActiveCfg = Debug|x86
		{8553C336-B342-423F-BC63-EE2DE15088B9}.Debug|x86.Build.0 = Debug|x86
		{8553C336-B342-423F-BC63-EE2DE15088B9}.Release|x86.ActiveCfg = Release|x86
		{8553C336-B342-423F-BC63-EE2DE15088B9}.Release|x86.Build.0 = Release|x86
		{B83AC96C-28CF-46D5-B989-B853D205CF3B}.Debug|x86.ActiveCfg = Debug|x86
		{B83AC96C-28CF-46D5-B989-B853D205CF3B}.Debug|x86.Build.0 = Debug|x86
		{B83AC96C-28CF-46D5-B989-B853D205CF3B}.Release|x86.ActiveCfg = Release|x86
		{B83AC96C-28CF-46D5-B989-B853D205CF3B}.Release|x86.Build.0 = Release|x86
		{8B616BAE-EEE7-41A0-91D1-46ACA2761B36}.Debug|x86.ActiveCfg = Debug|x86
		{8B616BAE-EEE7-41A0-91D1-46ACA2761B36}.Debug|x86.Build.0 = Debug|x86
		{8B616BAE-EEE7-41A0-91D1-46ACA2761B36}.Release|x86.ActiveCfg = Release|x86
		{8B616BAE-EEE7-41A0-91D1-46ACA2761B36}.Release|x86.Build.0 = Release|x86
		{40C56DB4-CAD2-42EB-A519-561DCDE365E4}.Debug|x86.ActiveCfg = Debug|x86
		{40C56DB4-CAD2-42EB-A519-561DCDE365E4}.Debug|x86.Build.0 = Debug|x86
		{40C56DB4-CAD2-42EB-A519-561DCDE365E4}.Release|x86.ActiveCfg = Release|x86
		{40C56DB4-CAD2-42EB-A519-561DCDE365E4}.Release|x86.Build.0 = Release|x86
		{62015B44-7225-47D1-8C36-F6C8DD4C9BBB}.Debug|x86.ActiveCfg = Debug|x86
		{62015B44-7225-47D1-8C36-F6C8DD4C9BBB}.Debug|x86.Build.0 = Debug|x86
		{62015B44-7225-47D1-8C36-F6C8DD4C9BBB}.Release|x86.ActiveCfg = Release|x86
		{62015B44-7225-47D1-8C36-F6C8DD4C9BBB}.Release|x86.Build.0 = Release|x86
	EndGlobalSection
EndGlobal
